{
  "version": 4,
  "terraform_version": "1.5.7",
  "serial": 87,
  "lineage": "9fa00610-b5c2-0060-08b2-d1dba4a39fce",
  "outputs": {},
  "resources": [
    {
      "mode": "managed",
      "type": "aws_appsync_api_key",
      "name": "user_api_key",
      "provider": "provider[\"registry.terraform.io/hashicorp/aws\"]",
      "instances": [
        {
          "schema_version": 0,
          "attributes": {
            "api_id": "lrsqljhesjfzxozwehrsu75pwa",
            "description": "Managed by Terraform",
            "expires": "2024-11-06T13:00:00Z",
            "id": "lrsqljhesjfzxozwehrsu75pwa:da2-esmk3m6luzg3pahibjoebhtedm",
            "key": "da2-esmk3m6luzg3pahibjoebhtedm"
          },
          "sensitive_attributes": [],
          "private": "bnVsbA==",
          "dependencies": [
            "aws_appsync_graphql_api.user_api",
            "aws_iam_role.appsync_logging_role"
          ]
        }
      ]
    },
    {
      "mode": "managed",
      "type": "aws_appsync_graphql_api",
      "name": "user_api",
      "provider": "provider[\"registry.terraform.io/hashicorp/aws\"]",
      "instances": [
        {
          "schema_version": 0,
          "attributes": {
            "additional_authentication_provider": [],
            "arn": "arn:aws:appsync:ap-northeast-2:784319439312:apis/lrsqljhesjfzxozwehrsu75pwa",
            "authentication_type": "API_KEY",
            "id": "lrsqljhesjfzxozwehrsu75pwa",
            "lambda_authorizer_config": [],
            "log_config": [
              {
                "cloudwatch_logs_role_arn": "arn:aws:iam::784319439312:role/AppSyncLoggingRole",
                "exclude_verbose_content": false,
                "field_log_level": "ALL"
              }
            ],
            "name": "UserAppSyncAPI",
            "openid_connect_config": [],
            "schema": null,
            "tags": {},
            "tags_all": {},
            "uris": {
              "GRAPHQL": "https://gsrahbthhzblhedp7n7vfw7yfa.appsync-api.ap-northeast-2.amazonaws.com/graphql",
              "REALTIME": "wss://gsrahbthhzblhedp7n7vfw7yfa.appsync-realtime-api.ap-northeast-2.amazonaws.com/graphql"
            },
            "user_pool_config": [],
            "xray_enabled": false
          },
          "sensitive_attributes": [],
          "private": "bnVsbA==",
          "dependencies": [
            "aws_iam_role.appsync_logging_role"
          ]
        }
      ]
    },
    {
      "mode": "managed",
      "type": "aws_iam_role",
      "name": "appsync_logging_role",
      "provider": "provider[\"registry.terraform.io/hashicorp/aws\"]",
      "instances": [
        {
          "schema_version": 0,
          "attributes": {
            "arn": "arn:aws:iam::784319439312:role/AppSyncLoggingRole",
            "assume_role_policy": "{\"Statement\":[{\"Action\":\"sts:AssumeRole\",\"Effect\":\"Allow\",\"Principal\":{\"Service\":\"appsync.amazonaws.com\"}}],\"Version\":\"2012-10-17\"}",
            "create_date": "2024-10-30T13:12:23Z",
            "description": "",
            "force_detach_policies": false,
            "id": "AppSyncLoggingRole",
            "inline_policy": [],
            "managed_policy_arns": [
              "arn:aws:iam::aws:policy/service-role/AWSAppSyncPushToCloudWatchLogs"
            ],
            "max_session_duration": 3600,
            "name": "AppSyncLoggingRole",
            "name_prefix": "",
            "path": "/",
            "permissions_boundary": null,
            "role_last_used": [
              {
                "last_used_date": "2024-11-01T05:44:15Z",
                "region": "ap-northeast-2"
              }
            ],
            "tags": {},
            "tags_all": {},
            "unique_id": "AROA3NHIU4HIKIQ6CIP4Q"
          },
          "sensitive_attributes": [],
          "private": "bnVsbA=="
        }
      ]
    },
    {
      "mode": "managed",
      "type": "aws_iam_role_policy_attachment",
      "name": "appsync_logging_policy_attachment",
      "provider": "provider[\"registry.terraform.io/hashicorp/aws\"]",
      "instances": [
        {
          "schema_version": 0,
          "attributes": {
            "id": "AppSyncLoggingRole-20241030131223933300000001",
            "policy_arn": "arn:aws:iam::aws:policy/service-role/AWSAppSyncPushToCloudWatchLogs",
            "role": "AppSyncLoggingRole"
          },
          "sensitive_attributes": [],
          "private": "bnVsbA==",
          "dependencies": [
            "aws_iam_role.appsync_logging_role"
          ]
        }
      ]
    },
    {
      "mode": "managed",
      "type": "null_resource",
      "name": "upload_schema",
      "provider": "provider[\"registry.terraform.io/hashicorp/null\"]",
      "instances": [
        {
          "schema_version": 0,
          "attributes": {
            "id": "3285956440954724048",
            "triggers": {
              "schema_file_md5": "35754a1d49bbd03bb29f82ba5346bb53"
            }
          },
          "sensitive_attributes": [],
          "dependencies": [
            "aws_appsync_graphql_api.user_api"
          ]
        }
      ]
    },
    {
      "mode": "managed",
      "type": "null_resource",
      "name": "wait_for_schema",
      "provider": "provider[\"registry.terraform.io/hashicorp/null\"]",
      "instances": [
        {
          "schema_version": 0,
          "attributes": {
            "id": "3524319398387910869",
            "triggers": null
          },
          "sensitive_attributes": [],
          "dependencies": [
            "aws_appsync_graphql_api.user_api",
            "aws_iam_role.appsync_logging_role",
            "null_resource.upload_schema"
          ]
        }
      ]
    }
  ],
  "check_results": null
}
