// !$*UTF8*$!
{
	archiveVersion = 1;
	classes = {
	};
	objectVersion = 70;
	objects = {

/* Begin PBXBuildFile section */
		C8022C902C70DBA1006DE470 /* AddButtonCell.swift in Sources */ = {isa = PBXBuildFile; fileRef = C8022C8F2C70DBA1006DE470 /* AddButtonCell.swift */; };
		C8022C942C71F4BD006DE470 /* AnimatedBackgroundView.swift in Sources */ = {isa = PBXBuildFile; fileRef = C8022C932C71F4BD006DE470 /* AnimatedBackgroundView.swift */; };
		C8022C962C71F4C7006DE470 /* AnimatedBackgroundViewRepresentable.swift in Sources */ = {isa = PBXBuildFile; fileRef = C8022C952C71F4C7006DE470 /* AnimatedBackgroundViewRepresentable.swift */; };
		C8050FD42CAAC72700786DF1 /* GRDB in Frameworks */ = {isa = PBXBuildFile; productRef = C8050FD32CAAC72700786DF1 /* GRDB */; };
		C812FEE62C68ECDC00BD9D9B /* test.wav in Resources */ = {isa = PBXBuildFile; fileRef = C812FEE52C68ECDC00BD9D9B /* test.wav */; };
		C812FEE82C69A5A000BD9D9B /* ContentViewModel.swift in Sources */ = {isa = PBXBuildFile; fileRef = C812FEE72C69A5A000BD9D9B /* ContentViewModel.swift */; };
		C812FF062C69D70E00BD9D9B /* AuthManager.swift in Sources */ = {isa = PBXBuildFile; fileRef = C812FF052C69D70E00BD9D9B /* AuthManager.swift */; };
		C812FF082C69D72D00BD9D9B /* RepositoryManager.swift in Sources */ = {isa = PBXBuildFile; fileRef = C812FF072C69D72D00BD9D9B /* RepositoryManager.swift */; };
		C812FF0A2C69D96200BD9D9B /* HomeView.swift in Sources */ = {isa = PBXBuildFile; fileRef = C812FF092C69D96200BD9D9B /* HomeView.swift */; };
		C812FF0C2C69D96700BD9D9B /* SocialLoginView.swift in Sources */ = {isa = PBXBuildFile; fileRef = C812FF0B2C69D96700BD9D9B /* SocialLoginView.swift */; };
		C812FF0E2C69D99F00BD9D9B /* AddFriendView.swift in Sources */ = {isa = PBXBuildFile; fileRef = C812FF0D2C69D99F00BD9D9B /* AddFriendView.swift */; };
		C812FF102C69DA1F00BD9D9B /* HomeViewModel.swift in Sources */ = {isa = PBXBuildFile; fileRef = C812FF0F2C69DA1F00BD9D9B /* HomeViewModel.swift */; };
		C812FF122C69DAF700BD9D9B /* AuthViewModel.swift in Sources */ = {isa = PBXBuildFile; fileRef = C812FF112C69DAF700BD9D9B /* AuthViewModel.swift */; };
		C812FF142C69DB3500BD9D9B /* ImagePicker.swift in Sources */ = {isa = PBXBuildFile; fileRef = C812FF132C69DB3500BD9D9B /* ImagePicker.swift */; };
		C812FF162C69F30800BD9D9B /* LiveKitManager.swift in Sources */ = {isa = PBXBuildFile; fileRef = C812FF152C69F30800BD9D9B /* LiveKitManager.swift */; };
		C812FF182C69F3AF00BD9D9B /* BackgroundTaskManager.swift in Sources */ = {isa = PBXBuildFile; fileRef = C812FF172C69F3AF00BD9D9B /* BackgroundTaskManager.swift */; };
		C812FF1A2C69F3C900BD9D9B /* AudioSessionManager.swift in Sources */ = {isa = PBXBuildFile; fileRef = C812FF192C69F3C900BD9D9B /* AudioSessionManager.swift */; };
		C8144AB32C7B33850011385D /* ShimmeringViewControllerRepresentable.swift in Sources */ = {isa = PBXBuildFile; fileRef = C8144AB22C7B33850011385D /* ShimmeringViewControllerRepresentable.swift */; };
		C8144AB52C7B33910011385D /* ShimmeringViewController.swift in Sources */ = {isa = PBXBuildFile; fileRef = C8144AB42C7B33910011385D /* ShimmeringViewController.swift */; };
		C8144AB72C7B339B0011385D /* ShimmeringView.swift in Sources */ = {isa = PBXBuildFile; fileRef = C8144AB62C7B339B0011385D /* ShimmeringView.swift */; };
		C8144AB92C7B48DD0011385D /* ProfileView.swift in Sources */ = {isa = PBXBuildFile; fileRef = C8144AB82C7B48DD0011385D /* ProfileView.swift */; };
		C8144AC02C7B57520011385D /* PinButton.swift in Sources */ = {isa = PBXBuildFile; fileRef = C8144ABF2C7B57520011385D /* PinButton.swift */; };
		C8144AC22C7B77570011385D /* AddFriendViewPreview.swift in Sources */ = {isa = PBXBuildFile; fileRef = C8144AC12C7B77570011385D /* AddFriendViewPreview.swift */; };
		C8144AC62C7C22BB0011385D /* SpeechBubbleShapeUpward.swift in Sources */ = {isa = PBXBuildFile; fileRef = C8144AC52C7C22BB0011385D /* SpeechBubbleShapeUpward.swift */; };
		C8144AC92C7C2DBE0011385D /* InviteFriendButton.swift in Sources */ = {isa = PBXBuildFile; fileRef = C8144AC82C7C2DBE0011385D /* InviteFriendButton.swift */; };
		C8144ACB2C7C2E6D0011385D /* InviteFriendButtonPreview.swift in Sources */ = {isa = PBXBuildFile; fileRef = C8144ACA2C7C2E6D0011385D /* InviteFriendButtonPreview.swift */; };
		C8144ACD2C7C44DF0011385D /* SpeechBubbleShapeDownward.swift in Sources */ = {isa = PBXBuildFile; fileRef = C8144ACC2C7C44DF0011385D /* SpeechBubbleShapeDownward.swift */; };
		C8144ACF2C7C46710011385D /* HomeViewPreview.swift in Sources */ = {isa = PBXBuildFile; fileRef = C8144ACE2C7C46710011385D /* HomeViewPreview.swift */; };
		C8144AD12C7C49260011385D /* HoldToTalkBubble.swift in Sources */ = {isa = PBXBuildFile; fileRef = C8144AD02C7C49260011385D /* HoldToTalkBubble.swift */; };
		C8144AD32C7C50C40011385D /* HoldToReplyBubble.swift in Sources */ = {isa = PBXBuildFile; fileRef = C8144AD22C7C50C40011385D /* HoldToReplyBubble.swift */; };
		C8144AD52C7C83E00011385D /* IsBusyBubble.swift in Sources */ = {isa = PBXBuildFile; fileRef = C8144AD42C7C83E00011385D /* IsBusyBubble.swift */; };
		C815BC6D2C60849B004CB09E /* TentenV10App.swift in Sources */ = {isa = PBXBuildFile; fileRef = C815BC6C2C60849B004CB09E /* TentenV10App.swift */; };
		C815BC6F2C60849B004CB09E /* ContentView.swift in Sources */ = {isa = PBXBuildFile; fileRef = C815BC6E2C60849B004CB09E /* ContentView.swift */; };
		C815BC712C60849C004CB09E /* Assets.xcassets in Resources */ = {isa = PBXBuildFile; fileRef = C815BC702C60849C004CB09E /* Assets.xcassets */; };
		C815BC742C60849C004CB09E /* Preview Assets.xcassets in Resources */ = {isa = PBXBuildFile; fileRef = C815BC732C60849C004CB09E /* Preview Assets.xcassets */; };
		C815BC7C2C608519004CB09E /* FirebaseAuth in Frameworks */ = {isa = PBXBuildFile; productRef = C815BC7B2C608519004CB09E /* FirebaseAuth */; };
		C815BC7E2C608519004CB09E /* FirebaseFirestore in Frameworks */ = {isa = PBXBuildFile; productRef = C815BC7D2C608519004CB09E /* FirebaseFirestore */; };
		C815BC802C608519004CB09E /* FirebaseFunctions in Frameworks */ = {isa = PBXBuildFile; productRef = C815BC7F2C608519004CB09E /* FirebaseFunctions */; };
		C815BC822C608519004CB09E /* FirebaseStorage in Frameworks */ = {isa = PBXBuildFile; productRef = C815BC812C608519004CB09E /* FirebaseStorage */; };
		C815BC882C608539004CB09E /* LiveKit in Frameworks */ = {isa = PBXBuildFile; productRef = C815BC872C608539004CB09E /* LiveKit */; };
		C815BC8B2C608543004CB09E /* WebRTC in Frameworks */ = {isa = PBXBuildFile; productRef = C815BC8A2C608543004CB09E /* WebRTC */; };
		C815BC8D2C60854C004CB09E /* AppDelegate.swift in Sources */ = {isa = PBXBuildFile; fileRef = C815BC8C2C60854C004CB09E /* AppDelegate.swift */; };
		C815BC902C6085DA004CB09E /* GoogleService-Info.plist in Resources */ = {isa = PBXBuildFile; fileRef = C815BC8F2C6085DA004CB09E /* GoogleService-Info.plist */; };
		C819BE3E2CB5506B00642D48 /* InvitationView.swift in Sources */ = {isa = PBXBuildFile; fileRef = C819BE3D2CB5506B00642D48 /* InvitationView.swift */; };
		C819BE412CB5507D00642D48 /* InvitationCard.swift in Sources */ = {isa = PBXBuildFile; fileRef = C819BE3F2CB5507D00642D48 /* InvitationCard.swift */; };
		C819BE422CB5507D00642D48 /* StackedInvitationCard.swift in Sources */ = {isa = PBXBuildFile; fileRef = C819BE402CB5507D00642D48 /* StackedInvitationCard.swift */; };
		C81B484A2C87583800E1164B /* UsernameView.swift in Sources */ = {isa = PBXBuildFile; fileRef = C81B48492C87583800E1164B /* UsernameView.swift */; };
		C81B484C2C87584300E1164B /* ProfileImageView.swift in Sources */ = {isa = PBXBuildFile; fileRef = C81B484B2C87584300E1164B /* ProfileImageView.swift */; };
		C81B484E2C87596400E1164B /* AddView.swift in Sources */ = {isa = PBXBuildFile; fileRef = C81B484D2C87596400E1164B /* AddView.swift */; };
		C81B48502C88247A00E1164B /* Utils.swift in Sources */ = {isa = PBXBuildFile; fileRef = C81B484F2C88247A00E1164B /* Utils.swift */; };
		C81B48522C88264F00E1164B /* OnboardingFlowView.swift in Sources */ = {isa = PBXBuildFile; fileRef = C81B48512C88264F00E1164B /* OnboardingFlowView.swift */; };
		C81B48542C8839EB00E1164B /* FocusTextField.swift in Sources */ = {isa = PBXBuildFile; fileRef = C81B48532C8839EB00E1164B /* FocusTextField.swift */; };
		C81B48562C883B4500E1164B /* AddUsernameButton.swift in Sources */ = {isa = PBXBuildFile; fileRef = C81B48552C883B4500E1164B /* AddUsernameButton.swift */; };
		C81B48582C88553600E1164B /* AddProfilePictureButton.swift in Sources */ = {isa = PBXBuildFile; fileRef = C81B48572C88553600E1164B /* AddProfilePictureButton.swift */; };
		C82185482CB7F29100934D42 /* FriendsUpdateQueue.swift in Sources */ = {isa = PBXBuildFile; fileRef = C82185472CB7F29100934D42 /* FriendsUpdateQueue.swift */; };
		C828E79B2CAA6F920084DBE4 /* NotificationServiceExtension.appex in Embed Foundation Extensions */ = {isa = PBXBuildFile; fileRef = C828E7942CAA6F920084DBE4 /* NotificationServiceExtension.appex */; settings = {ATTRIBUTES = (RemoveHeadersOnCopy, ); }; };
		C82CA7252C6B014B00B4BFD0 /* DummyData.swift in Sources */ = {isa = PBXBuildFile; fileRef = C82CA7242C6B014B00B4BFD0 /* DummyData.swift */; };
		C82F66DF2C74A09D004E33FA /* BaseCell.swift in Sources */ = {isa = PBXBuildFile; fileRef = C82F66DE2C74A09D004E33FA /* BaseCell.swift */; };
		C831526A2CB918BA009B76BA /* UpdateCurrentSpeakerQueue.swift in Sources */ = {isa = PBXBuildFile; fileRef = C83152692CB918BA009B76BA /* UpdateCurrentSpeakerQueue.swift */; };
		C84EF36D2C89ABB10092D6B5 /* SettingView.swift in Sources */ = {isa = PBXBuildFile; fileRef = C84EF36C2C89ABB10092D6B5 /* SettingView.swift */; };
		C85489802C7A05E3006878E0 /* LockViewRepresentable.swift in Sources */ = {isa = PBXBuildFile; fileRef = C854897F2C7A05E3006878E0 /* LockViewRepresentable.swift */; };
		C85489822C7A05EB006878E0 /* LockView.swift in Sources */ = {isa = PBXBuildFile; fileRef = C85489812C7A05EB006878E0 /* LockView.swift */; };
		C86FCBF82CBAB34D008C85F5 /* GradientButton.swift in Sources */ = {isa = PBXBuildFile; fileRef = C86FCBF72CBAB34D008C85F5 /* GradientButton.swift */; };
		C873752D2CABF58800BB322E /* NotificationManager.swift in Sources */ = {isa = PBXBuildFile; fileRef = C873752C2CABF58800BB322E /* NotificationManager.swift */; };
		C889DC4F2CA1AF3700AC1932 /* EmailView.swift in Sources */ = {isa = PBXBuildFile; fileRef = C889DC4E2CA1AF3700AC1932 /* EmailView.swift */; };
		C889DC532CA2957E00AC1932 /* NotificationPermissionView.swift in Sources */ = {isa = PBXBuildFile; fileRef = C889DC522CA2957E00AC1932 /* NotificationPermissionView.swift */; };
		C889DC572CA2959200AC1932 /* MicPermissionView.swift in Sources */ = {isa = PBXBuildFile; fileRef = C889DC562CA2959200AC1932 /* MicPermissionView.swift */; };
		C889DC592CA2967100AC1932 /* StackedNotificationsView.swift in Sources */ = {isa = PBXBuildFile; fileRef = C889DC582CA2967100AC1932 /* StackedNotificationsView.swift */; };
		C8AF0B2A2CA53B82003F3D2E /* PermissionButton.swift in Sources */ = {isa = PBXBuildFile; fileRef = C8AF0B292CA53B82003F3D2E /* PermissionButton.swift */; };
		C8AF0B2C2CA5493B003F3D2E /* PPPangramSansRounded-Bold.otf in Resources */ = {isa = PBXBuildFile; fileRef = C8AF0B2B2CA5493B003F3D2E /* PPPangramSansRounded-Bold.otf */; };
		C8AF47CF2C723D2700C7B6BE /* TapCell.swift in Sources */ = {isa = PBXBuildFile; fileRef = C8AF47CE2C723D2700C7B6BE /* TapCell.swift */; };
		C8AF47D12C723D3400C7B6BE /* LongPressCell.swift in Sources */ = {isa = PBXBuildFile; fileRef = C8AF47D02C723D3400C7B6BE /* LongPressCell.swift */; };
		C8B5B41D2C65B761002ACBAA /* UserRecord.swift in Sources */ = {isa = PBXBuildFile; fileRef = C8B5B41C2C65B761002ACBAA /* UserRecord.swift */; };
		C8B5B41F2C65B765002ACBAA /* UserDto.swift in Sources */ = {isa = PBXBuildFile; fileRef = C8B5B41E2C65B765002ACBAA /* UserDto.swift */; };
		C8B5B4272C660122002ACBAA /* FriendRecord.swift in Sources */ = {isa = PBXBuildFile; fileRef = C8B5B4262C660122002ACBAA /* FriendRecord.swift */; };
		C8BB1F042C86CA7200F176E6 /* SignInButtonView.swift in Sources */ = {isa = PBXBuildFile; fileRef = C8BB1F032C86CA7200F176E6 /* SignInButtonView.swift */; };
		C8BB1F072C86D49C00F176E6 /* GoogleSignIn in Frameworks */ = {isa = PBXBuildFile; productRef = C8BB1F062C86D49C00F176E6 /* GoogleSignIn */; };
		C8BB1F092C86D49C00F176E6 /* GoogleSignInSwift in Frameworks */ = {isa = PBXBuildFile; productRef = C8BB1F082C86D49C00F176E6 /* GoogleSignInSwift */; };
		C8BB1F0B2C86DA0300F176E6 /* GoogleSignInManager.swift in Sources */ = {isa = PBXBuildFile; fileRef = C8BB1F0A2C86DA0300F176E6 /* GoogleSignInManager.swift */; };
		C8BB1F122C86F09900F176E6 /* KakaoSDKAuth in Frameworks */ = {isa = PBXBuildFile; productRef = C8BB1F112C86F09900F176E6 /* KakaoSDKAuth */; };
		C8BB1F142C86F09900F176E6 /* KakaoSDKCommon in Frameworks */ = {isa = PBXBuildFile; productRef = C8BB1F132C86F09900F176E6 /* KakaoSDKCommon */; };
		C8BB1F162C86F09900F176E6 /* KakaoSDKUser in Frameworks */ = {isa = PBXBuildFile; productRef = C8BB1F152C86F09900F176E6 /* KakaoSDKUser */; };
		C8D8550B2CBCB0D500A45249 /* MainRingView.swift in Sources */ = {isa = PBXBuildFile; fileRef = C8D8550A2CBCB0D500A45249 /* MainRingView.swift */; };
		C8D8D0F52CAD4C810010E3B8 /* DeleteBottomSheetViewController.swift in Sources */ = {isa = PBXBuildFile; fileRef = C8D8D0F32CAD4C810010E3B8 /* DeleteBottomSheetViewController.swift */; };
		C8D8D0F62CAD4C810010E3B8 /* DeleteBottomSheetViewControllerRepresentable.swift in Sources */ = {isa = PBXBuildFile; fileRef = C8D8D0F42CAD4C810010E3B8 /* DeleteBottomSheetViewControllerRepresentable.swift */; };
		C8E28C292C80449F008A5238 /* RoomDto.swift in Sources */ = {isa = PBXBuildFile; fileRef = C8E28C282C80449F008A5238 /* RoomDto.swift */; };
		C8E49F692CA113B700E19E38 /* GRDB in Frameworks */ = {isa = PBXBuildFile; productRef = C8E49F682CA113B700E19E38 /* GRDB */; };
		C8E49F6B2CA12C7300E19E38 /* SplashView.swift in Sources */ = {isa = PBXBuildFile; fileRef = C8E49F6A2CA12C7300E19E38 /* SplashView.swift */; };
		C8E700832CB96AD9002600D5 /* ImageBottomSheetViewControllerRepresentable.swift in Sources */ = {isa = PBXBuildFile; fileRef = C8E700822CB96AD9002600D5 /* ImageBottomSheetViewControllerRepresentable.swift */; };
		C8E700852CB96AEA002600D5 /* ImageBottomSheetViewController.swift in Sources */ = {isa = PBXBuildFile; fileRef = C8E700842CB96AEA002600D5 /* ImageBottomSheetViewController.swift */; };
		C8E9BF702C709580002AEDE0 /* CustomCollectionViewRepresentable.swift in Sources */ = {isa = PBXBuildFile; fileRef = C8E9BF6F2C709580002AEDE0 /* CustomCollectionViewRepresentable.swift */; };
		C8E9BF722C709594002AEDE0 /* CustomCollectionViewController.swift in Sources */ = {isa = PBXBuildFile; fileRef = C8E9BF712C709594002AEDE0 /* CustomCollectionViewController.swift */; };
		C8E9BF782C7099A7002AEDE0 /* CustomCollectionViewContainer.swift in Sources */ = {isa = PBXBuildFile; fileRef = C8E9BF772C7099A7002AEDE0 /* CustomCollectionViewContainer.swift */; };
		C8E9BF7A2C709CBA002AEDE0 /* CustomCollectionViewFlowLayout.swift in Sources */ = {isa = PBXBuildFile; fileRef = C8E9BF792C709CBA002AEDE0 /* CustomCollectionViewFlowLayout.swift */; };
		C8E9BF7C2C709CD2002AEDE0 /* CustomCollectionViewDataSource.swift in Sources */ = {isa = PBXBuildFile; fileRef = C8E9BF7B2C709CD2002AEDE0 /* CustomCollectionViewDataSource.swift */; };
		C8FC31F22CB7DA6D009CDAE8 /* ReceivedInvitationsTaskQueue.swift in Sources */ = {isa = PBXBuildFile; fileRef = C8FC31F12CB7DA6D009CDAE8 /* ReceivedInvitationsTaskQueue.swift */; };
/* End PBXBuildFile section */

/* Begin PBXContainerItemProxy section */
		C828E7992CAA6F920084DBE4 /* PBXContainerItemProxy */ = {
			isa = PBXContainerItemProxy;
			containerPortal = C815BC612C60849B004CB09E /* Project object */;
			proxyType = 1;
			remoteGlobalIDString = C828E7932CAA6F920084DBE4;
			remoteInfo = NotificationServiceExtension;
		};
/* End PBXContainerItemProxy section */

/* Begin PBXCopyFilesBuildPhase section */
		C828E79C2CAA6F920084DBE4 /* Embed Foundation Extensions */ = {
			isa = PBXCopyFilesBuildPhase;
			buildActionMask = 2147483647;
			dstPath = "";
			dstSubfolderSpec = 13;
			files = (
				C828E79B2CAA6F920084DBE4 /* NotificationServiceExtension.appex in Embed Foundation Extensions */,
			);
			name = "Embed Foundation Extensions";
			runOnlyForDeploymentPostprocessing = 0;
		};
/* End PBXCopyFilesBuildPhase section */

/* Begin PBXFileReference section */
		C8022C8F2C70DBA1006DE470 /* AddButtonCell.swift */ = {isa = PBXFileReference; lastKnownFileType = sourcecode.swift; path = AddButtonCell.swift; sourceTree = "<group>"; };
		C8022C932C71F4BD006DE470 /* AnimatedBackgroundView.swift */ = {isa = PBXFileReference; lastKnownFileType = sourcecode.swift; path = AnimatedBackgroundView.swift; sourceTree = "<group>"; };
		C8022C952C71F4C7006DE470 /* AnimatedBackgroundViewRepresentable.swift */ = {isa = PBXFileReference; lastKnownFileType = sourcecode.swift; path = AnimatedBackgroundViewRepresentable.swift; sourceTree = "<group>"; };
		C812FEE52C68ECDC00BD9D9B /* test.wav */ = {isa = PBXFileReference; lastKnownFileType = audio.wav; path = test.wav; sourceTree = "<group>"; };
		C812FEE72C69A5A000BD9D9B /* ContentViewModel.swift */ = {isa = PBXFileReference; lastKnownFileType = sourcecode.swift; path = ContentViewModel.swift; sourceTree = "<group>"; };
		C812FF052C69D70E00BD9D9B /* AuthManager.swift */ = {isa = PBXFileReference; lastKnownFileType = sourcecode.swift; path = AuthManager.swift; sourceTree = "<group>"; };
		C812FF072C69D72D00BD9D9B /* RepositoryManager.swift */ = {isa = PBXFileReference; lastKnownFileType = sourcecode.swift; path = RepositoryManager.swift; sourceTree = "<group>"; };
		C812FF092C69D96200BD9D9B /* HomeView.swift */ = {isa = PBXFileReference; lastKnownFileType = sourcecode.swift; path = HomeView.swift; sourceTree = "<group>"; };
		C812FF0B2C69D96700BD9D9B /* SocialLoginView.swift */ = {isa = PBXFileReference; lastKnownFileType = sourcecode.swift; path = SocialLoginView.swift; sourceTree = "<group>"; };
		C812FF0D2C69D99F00BD9D9B /* AddFriendView.swift */ = {isa = PBXFileReference; lastKnownFileType = sourcecode.swift; path = AddFriendView.swift; sourceTree = "<group>"; };
		C812FF0F2C69DA1F00BD9D9B /* HomeViewModel.swift */ = {isa = PBXFileReference; lastKnownFileType = sourcecode.swift; path = HomeViewModel.swift; sourceTree = "<group>"; };
		C812FF112C69DAF700BD9D9B /* AuthViewModel.swift */ = {isa = PBXFileReference; lastKnownFileType = sourcecode.swift; path = AuthViewModel.swift; sourceTree = "<group>"; };
		C812FF132C69DB3500BD9D9B /* ImagePicker.swift */ = {isa = PBXFileReference; lastKnownFileType = sourcecode.swift; path = ImagePicker.swift; sourceTree = "<group>"; };
		C812FF152C69F30800BD9D9B /* LiveKitManager.swift */ = {isa = PBXFileReference; lastKnownFileType = sourcecode.swift; path = LiveKitManager.swift; sourceTree = "<group>"; };
		C812FF172C69F3AF00BD9D9B /* BackgroundTaskManager.swift */ = {isa = PBXFileReference; lastKnownFileType = sourcecode.swift; path = BackgroundTaskManager.swift; sourceTree = "<group>"; };
		C812FF192C69F3C900BD9D9B /* AudioSessionManager.swift */ = {isa = PBXFileReference; lastKnownFileType = sourcecode.swift; path = AudioSessionManager.swift; sourceTree = "<group>"; };
		C8144AB22C7B33850011385D /* ShimmeringViewControllerRepresentable.swift */ = {isa = PBXFileReference; lastKnownFileType = sourcecode.swift; path = ShimmeringViewControllerRepresentable.swift; sourceTree = "<group>"; };
		C8144AB42C7B33910011385D /* ShimmeringViewController.swift */ = {isa = PBXFileReference; lastKnownFileType = sourcecode.swift; path = ShimmeringViewController.swift; sourceTree = "<group>"; };
		C8144AB62C7B339B0011385D /* ShimmeringView.swift */ = {isa = PBXFileReference; lastKnownFileType = sourcecode.swift; path = ShimmeringView.swift; sourceTree = "<group>"; };
		C8144AB82C7B48DD0011385D /* ProfileView.swift */ = {isa = PBXFileReference; lastKnownFileType = sourcecode.swift; path = ProfileView.swift; sourceTree = "<group>"; };
		C8144ABF2C7B57520011385D /* PinButton.swift */ = {isa = PBXFileReference; lastKnownFileType = sourcecode.swift; path = PinButton.swift; sourceTree = "<group>"; };
		C8144AC12C7B77570011385D /* AddFriendViewPreview.swift */ = {isa = PBXFileReference; lastKnownFileType = sourcecode.swift; path = AddFriendViewPreview.swift; sourceTree = "<group>"; };
		C8144AC52C7C22BB0011385D /* SpeechBubbleShapeUpward.swift */ = {isa = PBXFileReference; lastKnownFileType = sourcecode.swift; path = SpeechBubbleShapeUpward.swift; sourceTree = "<group>"; };
		C8144AC82C7C2DBE0011385D /* InviteFriendButton.swift */ = {isa = PBXFileReference; lastKnownFileType = sourcecode.swift; path = InviteFriendButton.swift; sourceTree = "<group>"; };
		C8144ACA2C7C2E6D0011385D /* InviteFriendButtonPreview.swift */ = {isa = PBXFileReference; lastKnownFileType = sourcecode.swift; path = InviteFriendButtonPreview.swift; sourceTree = "<group>"; };
		C8144ACC2C7C44DF0011385D /* SpeechBubbleShapeDownward.swift */ = {isa = PBXFileReference; lastKnownFileType = sourcecode.swift; path = SpeechBubbleShapeDownward.swift; sourceTree = "<group>"; };
		C8144ACE2C7C46710011385D /* HomeViewPreview.swift */ = {isa = PBXFileReference; lastKnownFileType = sourcecode.swift; path = HomeViewPreview.swift; sourceTree = "<group>"; };
		C8144AD02C7C49260011385D /* HoldToTalkBubble.swift */ = {isa = PBXFileReference; lastKnownFileType = sourcecode.swift; path = HoldToTalkBubble.swift; sourceTree = "<group>"; };
		C8144AD22C7C50C40011385D /* HoldToReplyBubble.swift */ = {isa = PBXFileReference; lastKnownFileType = sourcecode.swift; path = HoldToReplyBubble.swift; sourceTree = "<group>"; };
		C8144AD42C7C83E00011385D /* IsBusyBubble.swift */ = {isa = PBXFileReference; lastKnownFileType = sourcecode.swift; path = IsBusyBubble.swift; sourceTree = "<group>"; };
		C815BC692C60849B004CB09E /* TentenV10.app */ = {isa = PBXFileReference; explicitFileType = wrapper.application; includeInIndex = 0; path = TentenV10.app; sourceTree = BUILT_PRODUCTS_DIR; };
		C815BC6C2C60849B004CB09E /* TentenV10App.swift */ = {isa = PBXFileReference; lastKnownFileType = sourcecode.swift; path = TentenV10App.swift; sourceTree = "<group>"; };
		C815BC6E2C60849B004CB09E /* ContentView.swift */ = {isa = PBXFileReference; lastKnownFileType = sourcecode.swift; path = ContentView.swift; sourceTree = "<group>"; };
		C815BC702C60849C004CB09E /* Assets.xcassets */ = {isa = PBXFileReference; lastKnownFileType = folder.assetcatalog; path = Assets.xcassets; sourceTree = "<group>"; };
		C815BC732C60849C004CB09E /* Preview Assets.xcassets */ = {isa = PBXFileReference; lastKnownFileType = folder.assetcatalog; path = "Preview Assets.xcassets"; sourceTree = "<group>"; };
		C815BC8C2C60854C004CB09E /* AppDelegate.swift */ = {isa = PBXFileReference; lastKnownFileType = sourcecode.swift; path = AppDelegate.swift; sourceTree = "<group>"; };
		C815BC8E2C60858B004CB09E /* Info.plist */ = {isa = PBXFileReference; lastKnownFileType = text.plist; path = Info.plist; sourceTree = "<group>"; };
		C815BC8F2C6085DA004CB09E /* GoogleService-Info.plist */ = {isa = PBXFileReference; fileEncoding = 4; lastKnownFileType = text.plist.xml; path = "GoogleService-Info.plist"; sourceTree = "<group>"; };
		C819BE3D2CB5506B00642D48 /* InvitationView.swift */ = {isa = PBXFileReference; lastKnownFileType = sourcecode.swift; path = InvitationView.swift; sourceTree = "<group>"; };
		C819BE3F2CB5507D00642D48 /* InvitationCard.swift */ = {isa = PBXFileReference; lastKnownFileType = sourcecode.swift; path = InvitationCard.swift; sourceTree = "<group>"; };
		C819BE402CB5507D00642D48 /* StackedInvitationCard.swift */ = {isa = PBXFileReference; lastKnownFileType = sourcecode.swift; path = StackedInvitationCard.swift; sourceTree = "<group>"; };
		C81B48492C87583800E1164B /* UsernameView.swift */ = {isa = PBXFileReference; lastKnownFileType = sourcecode.swift; path = UsernameView.swift; sourceTree = "<group>"; };
		C81B484B2C87584300E1164B /* ProfileImageView.swift */ = {isa = PBXFileReference; lastKnownFileType = sourcecode.swift; path = ProfileImageView.swift; sourceTree = "<group>"; };
		C81B484D2C87596400E1164B /* AddView.swift */ = {isa = PBXFileReference; lastKnownFileType = sourcecode.swift; path = AddView.swift; sourceTree = "<group>"; };
		C81B484F2C88247A00E1164B /* Utils.swift */ = {isa = PBXFileReference; lastKnownFileType = sourcecode.swift; path = Utils.swift; sourceTree = "<group>"; };
		C81B48512C88264F00E1164B /* OnboardingFlowView.swift */ = {isa = PBXFileReference; lastKnownFileType = sourcecode.swift; path = OnboardingFlowView.swift; sourceTree = "<group>"; };
		C81B48532C8839EB00E1164B /* FocusTextField.swift */ = {isa = PBXFileReference; lastKnownFileType = sourcecode.swift; path = FocusTextField.swift; sourceTree = "<group>"; };
		C81B48552C883B4500E1164B /* AddUsernameButton.swift */ = {isa = PBXFileReference; lastKnownFileType = sourcecode.swift; path = AddUsernameButton.swift; sourceTree = "<group>"; };
		C81B48572C88553600E1164B /* AddProfilePictureButton.swift */ = {isa = PBXFileReference; lastKnownFileType = sourcecode.swift; path = AddProfilePictureButton.swift; sourceTree = "<group>"; };
		C82185472CB7F29100934D42 /* FriendsUpdateQueue.swift */ = {isa = PBXFileReference; lastKnownFileType = sourcecode.swift; path = FriendsUpdateQueue.swift; sourceTree = "<group>"; };
		C828E7942CAA6F920084DBE4 /* NotificationServiceExtension.appex */ = {isa = PBXFileReference; explicitFileType = "wrapper.app-extension"; includeInIndex = 0; path = NotificationServiceExtension.appex; sourceTree = BUILT_PRODUCTS_DIR; };
		C82CA7242C6B014B00B4BFD0 /* DummyData.swift */ = {isa = PBXFileReference; lastKnownFileType = sourcecode.swift; path = DummyData.swift; sourceTree = "<group>"; };
		C82F66DE2C74A09D004E33FA /* BaseCell.swift */ = {isa = PBXFileReference; lastKnownFileType = sourcecode.swift; path = BaseCell.swift; sourceTree = "<group>"; };
		C83152692CB918BA009B76BA /* UpdateCurrentSpeakerQueue.swift */ = {isa = PBXFileReference; lastKnownFileType = sourcecode.swift; path = UpdateCurrentSpeakerQueue.swift; sourceTree = "<group>"; };
		C84EF36C2C89ABB10092D6B5 /* SettingView.swift */ = {isa = PBXFileReference; lastKnownFileType = sourcecode.swift; path = SettingView.swift; sourceTree = "<group>"; };
		C854897F2C7A05E3006878E0 /* LockViewRepresentable.swift */ = {isa = PBXFileReference; lastKnownFileType = sourcecode.swift; path = LockViewRepresentable.swift; sourceTree = "<group>"; };
		C85489812C7A05EB006878E0 /* LockView.swift */ = {isa = PBXFileReference; lastKnownFileType = sourcecode.swift; path = LockView.swift; sourceTree = "<group>"; };
		C86FCBF72CBAB34D008C85F5 /* GradientButton.swift */ = {isa = PBXFileReference; lastKnownFileType = sourcecode.swift; path = GradientButton.swift; sourceTree = "<group>"; };
		C873752C2CABF58800BB322E /* NotificationManager.swift */ = {isa = PBXFileReference; lastKnownFileType = sourcecode.swift; path = NotificationManager.swift; sourceTree = "<group>"; };
		C889DC4E2CA1AF3700AC1932 /* EmailView.swift */ = {isa = PBXFileReference; lastKnownFileType = sourcecode.swift; path = EmailView.swift; sourceTree = "<group>"; };
		C889DC522CA2957E00AC1932 /* NotificationPermissionView.swift */ = {isa = PBXFileReference; lastKnownFileType = sourcecode.swift; path = NotificationPermissionView.swift; sourceTree = "<group>"; };
		C889DC562CA2959200AC1932 /* MicPermissionView.swift */ = {isa = PBXFileReference; lastKnownFileType = sourcecode.swift; path = MicPermissionView.swift; sourceTree = "<group>"; };
		C889DC582CA2967100AC1932 /* StackedNotificationsView.swift */ = {isa = PBXFileReference; lastKnownFileType = sourcecode.swift; path = StackedNotificationsView.swift; sourceTree = "<group>"; };
		C8AF0B292CA53B82003F3D2E /* PermissionButton.swift */ = {isa = PBXFileReference; lastKnownFileType = sourcecode.swift; path = PermissionButton.swift; sourceTree = "<group>"; };
		C8AF0B2B2CA5493B003F3D2E /* PPPangramSansRounded-Bold.otf */ = {isa = PBXFileReference; lastKnownFileType = file; path = "PPPangramSansRounded-Bold.otf"; sourceTree = "<group>"; };
		C8AF47CE2C723D2700C7B6BE /* TapCell.swift */ = {isa = PBXFileReference; lastKnownFileType = sourcecode.swift; path = TapCell.swift; sourceTree = "<group>"; };
		C8AF47D02C723D3400C7B6BE /* LongPressCell.swift */ = {isa = PBXFileReference; lastKnownFileType = sourcecode.swift; path = LongPressCell.swift; sourceTree = "<group>"; };
		C8B5B3DD2C6214A5002ACBAA /* TentenV10.entitlements */ = {isa = PBXFileReference; lastKnownFileType = text.plist.entitlements; path = TentenV10.entitlements; sourceTree = "<group>"; };
		C8B5B41C2C65B761002ACBAA /* UserRecord.swift */ = {isa = PBXFileReference; lastKnownFileType = sourcecode.swift; path = UserRecord.swift; sourceTree = "<group>"; };
		C8B5B41E2C65B765002ACBAA /* UserDto.swift */ = {isa = PBXFileReference; lastKnownFileType = sourcecode.swift; path = UserDto.swift; sourceTree = "<group>"; };
		C8B5B4262C660122002ACBAA /* FriendRecord.swift */ = {isa = PBXFileReference; lastKnownFileType = sourcecode.swift; path = FriendRecord.swift; sourceTree = "<group>"; };
		C8BB1F032C86CA7200F176E6 /* SignInButtonView.swift */ = {isa = PBXFileReference; lastKnownFileType = sourcecode.swift; path = SignInButtonView.swift; sourceTree = "<group>"; };
		C8BB1F0A2C86DA0300F176E6 /* GoogleSignInManager.swift */ = {isa = PBXFileReference; lastKnownFileType = sourcecode.swift; path = GoogleSignInManager.swift; sourceTree = "<group>"; };
		C8D8550A2CBCB0D500A45249 /* MainRingView.swift */ = {isa = PBXFileReference; lastKnownFileType = sourcecode.swift; path = MainRingView.swift; sourceTree = "<group>"; };
		C8D8D0F32CAD4C810010E3B8 /* DeleteBottomSheetViewController.swift */ = {isa = PBXFileReference; lastKnownFileType = sourcecode.swift; path = DeleteBottomSheetViewController.swift; sourceTree = "<group>"; };
		C8D8D0F42CAD4C810010E3B8 /* DeleteBottomSheetViewControllerRepresentable.swift */ = {isa = PBXFileReference; lastKnownFileType = sourcecode.swift; path = DeleteBottomSheetViewControllerRepresentable.swift; sourceTree = "<group>"; };
		C8E28C282C80449F008A5238 /* RoomDto.swift */ = {isa = PBXFileReference; lastKnownFileType = sourcecode.swift; path = RoomDto.swift; sourceTree = "<group>"; };
		C8E49F6A2CA12C7300E19E38 /* SplashView.swift */ = {isa = PBXFileReference; lastKnownFileType = sourcecode.swift; path = SplashView.swift; sourceTree = "<group>"; };
		C8E700822CB96AD9002600D5 /* ImageBottomSheetViewControllerRepresentable.swift */ = {isa = PBXFileReference; lastKnownFileType = sourcecode.swift; path = ImageBottomSheetViewControllerRepresentable.swift; sourceTree = "<group>"; };
		C8E700842CB96AEA002600D5 /* ImageBottomSheetViewController.swift */ = {isa = PBXFileReference; lastKnownFileType = sourcecode.swift; path = ImageBottomSheetViewController.swift; sourceTree = "<group>"; };
		C8E9BF6F2C709580002AEDE0 /* CustomCollectionViewRepresentable.swift */ = {isa = PBXFileReference; lastKnownFileType = sourcecode.swift; path = CustomCollectionViewRepresentable.swift; sourceTree = "<group>"; };
		C8E9BF712C709594002AEDE0 /* CustomCollectionViewController.swift */ = {isa = PBXFileReference; lastKnownFileType = sourcecode.swift; path = CustomCollectionViewController.swift; sourceTree = "<group>"; };
		C8E9BF772C7099A7002AEDE0 /* CustomCollectionViewContainer.swift */ = {isa = PBXFileReference; lastKnownFileType = sourcecode.swift; path = CustomCollectionViewContainer.swift; sourceTree = "<group>"; };
		C8E9BF792C709CBA002AEDE0 /* CustomCollectionViewFlowLayout.swift */ = {isa = PBXFileReference; lastKnownFileType = sourcecode.swift; path = CustomCollectionViewFlowLayout.swift; sourceTree = "<group>"; };
		C8E9BF7B2C709CD2002AEDE0 /* CustomCollectionViewDataSource.swift */ = {isa = PBXFileReference; lastKnownFileType = sourcecode.swift; path = CustomCollectionViewDataSource.swift; sourceTree = "<group>"; };
		C8FC31F12CB7DA6D009CDAE8 /* ReceivedInvitationsTaskQueue.swift */ = {isa = PBXFileReference; lastKnownFileType = sourcecode.swift; path = ReceivedInvitationsTaskQueue.swift; sourceTree = "<group>"; };
/* End PBXFileReference section */

/* Begin PBXFileSystemSynchronizedBuildFileExceptionSet section */
		C828E79F2CAA6F920084DBE4 /* PBXFileSystemSynchronizedBuildFileExceptionSet */ = {
			isa = PBXFileSystemSynchronizedBuildFileExceptionSet;
			membershipExceptions = (
				Info.plist,
			);
			target = C828E7932CAA6F920084DBE4 /* NotificationServiceExtension */;
		};
/* End PBXFileSystemSynchronizedBuildFileExceptionSet section */

/* Begin PBXFileSystemSynchronizedRootGroup section */
		C828E7952CAA6F920084DBE4 /* NotificationServiceExtension */ = {isa = PBXFileSystemSynchronizedRootGroup; exceptions = (C828E79F2CAA6F920084DBE4 /* PBXFileSystemSynchronizedBuildFileExceptionSet */, ); explicitFileTypes = {}; explicitFolders = (); path = NotificationServiceExtension; sourceTree = "<group>"; };
/* End PBXFileSystemSynchronizedRootGroup section */

/* Begin PBXFrameworksBuildPhase section */
		C815BC662C60849B004CB09E /* Frameworks */ = {
			isa = PBXFrameworksBuildPhase;
			buildActionMask = 2147483647;
			files = (
				C8BB1F092C86D49C00F176E6 /* GoogleSignInSwift in Frameworks */,
				C8BB1F142C86F09900F176E6 /* KakaoSDKCommon in Frameworks */,
				C815BC802C608519004CB09E /* FirebaseFunctions in Frameworks */,
				C8E49F692CA113B700E19E38 /* GRDB in Frameworks */,
				C8BB1F072C86D49C00F176E6 /* GoogleSignIn in Frameworks */,
				C815BC822C608519004CB09E /* FirebaseStorage in Frameworks */,
				C815BC8B2C608543004CB09E /* WebRTC in Frameworks */,
				C815BC882C608539004CB09E /* LiveKit in Frameworks */,
				C8BB1F162C86F09900F176E6 /* KakaoSDKUser in Frameworks */,
				C815BC7C2C608519004CB09E /* FirebaseAuth in Frameworks */,
				C815BC7E2C608519004CB09E /* FirebaseFirestore in Frameworks */,
				C8BB1F122C86F09900F176E6 /* KakaoSDKAuth in Frameworks */,
			);
			runOnlyForDeploymentPostprocessing = 0;
		};
		C828E7912CAA6F920084DBE4 /* Frameworks */ = {
			isa = PBXFrameworksBuildPhase;
			buildActionMask = 2147483647;
			files = (
				C8050FD42CAAC72700786DF1 /* GRDB in Frameworks */,
			);
			runOnlyForDeploymentPostprocessing = 0;
		};
/* End PBXFrameworksBuildPhase section */

/* Begin PBXGroup section */
		C8022C912C71F46A006DE470 /* Home */ = {
			isa = PBXGroup;
			children = (
				C8B2E1362CAC2130005E53A6 /* FriendCenter */,
				C854897E2C7A05D3006878E0 /* LockView */,
				C8DB63ED2C6F2B2100831BA8 /* ScrollView */,
				C8022C922C71F4AE006DE470 /* AnimatedBackgroundView */,
				C812FF092C69D96200BD9D9B /* HomeView.swift */,
				C8D8550A2CBCB0D500A45249 /* MainRingView.swift */,
				C8144ACE2C7C46710011385D /* HomeViewPreview.swift */,
				C84EF36C2C89ABB10092D6B5 /* SettingView.swift */,
			);
			path = Home;
			sourceTree = "<group>";
		};
		C8022C922C71F4AE006DE470 /* AnimatedBackgroundView */ = {
			isa = PBXGroup;
			children = (
				C8022C932C71F4BD006DE470 /* AnimatedBackgroundView.swift */,
				C8022C952C71F4C7006DE470 /* AnimatedBackgroundViewRepresentable.swift */,
			);
			path = AnimatedBackgroundView;
			sourceTree = "<group>";
		};
		C8050FD22CAAC72600786DF1 /* Frameworks */ = {
			isa = PBXGroup;
			children = (
			);
			name = Frameworks;
			sourceTree = "<group>";
		};
		C8144AAE2C7B32A90011385D /* Components */ = {
			isa = PBXGroup;
			children = (
				C819BE3F2CB5507D00642D48 /* InvitationCard.swift */,
				C819BE402CB5507D00642D48 /* StackedInvitationCard.swift */,
				C812FF132C69DB3500BD9D9B /* ImagePicker.swift */,
				C8144AB12C7B32B60011385D /* ShimmeringText */,
				C8144ABF2C7B57520011385D /* PinButton.swift */,
				C8144AC52C7C22BB0011385D /* SpeechBubbleShapeUpward.swift */,
				C8144ACC2C7C44DF0011385D /* SpeechBubbleShapeDownward.swift */,
				C8144AD02C7C49260011385D /* HoldToTalkBubble.swift */,
				C8144AD22C7C50C40011385D /* HoldToReplyBubble.swift */,
				C8144AD42C7C83E00011385D /* IsBusyBubble.swift */,
				C8BB1F032C86CA7200F176E6 /* SignInButtonView.swift */,
				C8144AC82C7C2DBE0011385D /* InviteFriendButton.swift */,
				C81B48552C883B4500E1164B /* AddUsernameButton.swift */,
				C81B48572C88553600E1164B /* AddProfilePictureButton.swift */,
				C8AF0B292CA53B82003F3D2E /* PermissionButton.swift */,
			);
			path = Components;
			sourceTree = "<group>";
		};
		C8144AB12C7B32B60011385D /* ShimmeringText */ = {
			isa = PBXGroup;
			children = (
				C8144AB22C7B33850011385D /* ShimmeringViewControllerRepresentable.swift */,
				C8144AB42C7B33910011385D /* ShimmeringViewController.swift */,
				C8144AB62C7B339B0011385D /* ShimmeringView.swift */,
			);
			path = ShimmeringText;
			sourceTree = "<group>";
		};
		C8144AC72C7C2D9C0011385D /* AddFriendView */ = {
			isa = PBXGroup;
			children = (
				C812FF0D2C69D99F00BD9D9B /* AddFriendView.swift */,
				C8144AC12C7B77570011385D /* AddFriendViewPreview.swift */,
				C8144ACA2C7C2E6D0011385D /* InviteFriendButtonPreview.swift */,
			);
			path = AddFriendView;
			sourceTree = "<group>";
		};
		C815BC602C60849B004CB09E = {
			isa = PBXGroup;
			children = (
				C815BC6B2C60849B004CB09E /* TentenV10 */,
				C828E7952CAA6F920084DBE4 /* NotificationServiceExtension */,
				C8050FD22CAAC72600786DF1 /* Frameworks */,
				C815BC6A2C60849B004CB09E /* Products */,
			);
			sourceTree = "<group>";
		};
		C815BC6A2C60849B004CB09E /* Products */ = {
			isa = PBXGroup;
			children = (
				C815BC692C60849B004CB09E /* TentenV10.app */,
				C828E7942CAA6F920084DBE4 /* NotificationServiceExtension.appex */,
			);
			name = Products;
			sourceTree = "<group>";
		};
		C815BC6B2C60849B004CB09E /* TentenV10 */ = {
			isa = PBXGroup;
			children = (
				C8B5B3DD2C6214A5002ACBAA /* TentenV10.entitlements */,
				C815BCBD2C60D4A3004CB09E /* View */,
				C815BCBC2C60D49E004CB09E /* ViewModel */,
				C815BCBB2C60D499004CB09E /* Model */,
				C815BCBA2C60D492004CB09E /* Manager */,
				C83152682CB91881009B76BA /* TaskQueue */,
				C815BC6C2C60849B004CB09E /* TentenV10App.swift */,
				C815BC8C2C60854C004CB09E /* AppDelegate.swift */,
				C82CA7242C6B014B00B4BFD0 /* DummyData.swift */,
				C81B484F2C88247A00E1164B /* Utils.swift */,
				C815BC702C60849C004CB09E /* Assets.xcassets */,
				C812FEE52C68ECDC00BD9D9B /* test.wav */,
				C815BC8E2C60858B004CB09E /* Info.plist */,
				C815BC8F2C6085DA004CB09E /* GoogleService-Info.plist */,
				C8AF0B2B2CA5493B003F3D2E /* PPPangramSansRounded-Bold.otf */,
				C815BC722C60849C004CB09E /* Preview Content */,
			);
			path = TentenV10;
			sourceTree = "<group>";
		};
		C815BC722C60849C004CB09E /* Preview Content */ = {
			isa = PBXGroup;
			children = (
				C815BC732C60849C004CB09E /* Preview Assets.xcassets */,
			);
			path = "Preview Content";
			sourceTree = "<group>";
		};
		C815BCBA2C60D492004CB09E /* Manager */ = {
			isa = PBXGroup;
			children = (
				C812FF052C69D70E00BD9D9B /* AuthManager.swift */,
				C812FF072C69D72D00BD9D9B /* RepositoryManager.swift */,
				C812FF152C69F30800BD9D9B /* LiveKitManager.swift */,
				C812FF172C69F3AF00BD9D9B /* BackgroundTaskManager.swift */,
				C812FF192C69F3C900BD9D9B /* AudioSessionManager.swift */,
				C8BB1F0A2C86DA0300F176E6 /* GoogleSignInManager.swift */,
				C873752C2CABF58800BB322E /* NotificationManager.swift */,
			);
			path = Manager;
			sourceTree = "<group>";
		};
		C815BCBB2C60D499004CB09E /* Model */ = {
			isa = PBXGroup;
			children = (
				C815BCC32C60D662004CB09E /* Dto */,
				C8B5B41C2C65B761002ACBAA /* UserRecord.swift */,
				C8B5B4262C660122002ACBAA /* FriendRecord.swift */,
			);
			path = Model;
			sourceTree = "<group>";
		};
		C815BCBC2C60D49E004CB09E /* ViewModel */ = {
			isa = PBXGroup;
			children = (
				C812FEE72C69A5A000BD9D9B /* ContentViewModel.swift */,
				C812FF0F2C69DA1F00BD9D9B /* HomeViewModel.swift */,
				C812FF112C69DAF700BD9D9B /* AuthViewModel.swift */,
			);
			path = ViewModel;
			sourceTree = "<group>";
		};
		C815BCBD2C60D4A3004CB09E /* View */ = {
			isa = PBXGroup;
			children = (
				C8144AAE2C7B32A90011385D /* Components */,
				C815BC6E2C60849B004CB09E /* ContentView.swift */,
				C819BE3D2CB5506B00642D48 /* InvitationView.swift */,
				C8022C912C71F46A006DE470 /* Home */,
				C812FF0B2C69D96700BD9D9B /* SocialLoginView.swift */,
				C889DC4E2CA1AF3700AC1932 /* EmailView.swift */,
				C8E49F6A2CA12C7300E19E38 /* SplashView.swift */,
				C8BB1F182C8757B900F176E6 /* Onboarding */,
			);
			path = View;
			sourceTree = "<group>";
		};
		C815BCC32C60D662004CB09E /* Dto */ = {
			isa = PBXGroup;
			children = (
				C8B5B41E2C65B765002ACBAA /* UserDto.swift */,
				C8E28C282C80449F008A5238 /* RoomDto.swift */,
			);
			path = Dto;
			sourceTree = "<group>";
		};
		C83152682CB91881009B76BA /* TaskQueue */ = {
			isa = PBXGroup;
			children = (
				C8FC31F12CB7DA6D009CDAE8 /* ReceivedInvitationsTaskQueue.swift */,
				C82185472CB7F29100934D42 /* FriendsUpdateQueue.swift */,
				C83152692CB918BA009B76BA /* UpdateCurrentSpeakerQueue.swift */,
			);
			path = TaskQueue;
			sourceTree = "<group>";
		};
		C854897E2C7A05D3006878E0 /* LockView */ = {
			isa = PBXGroup;
			children = (
				C854897F2C7A05E3006878E0 /* LockViewRepresentable.swift */,
				C85489812C7A05EB006878E0 /* LockView.swift */,
			);
			path = LockView;
			sourceTree = "<group>";
		};
		C884C62F2C89626800412B49 /* AddUsername */ = {
			isa = PBXGroup;
			children = (
				C81B48492C87583800E1164B /* UsernameView.swift */,
				C81B48532C8839EB00E1164B /* FocusTextField.swift */,
			);
			path = AddUsername;
			sourceTree = "<group>";
		};
		C884C6302C89627900412B49 /* AddProfileImage */ = {
			isa = PBXGroup;
			children = (
				C81B484B2C87584300E1164B /* ProfileImageView.swift */,
			);
			path = AddProfileImage;
			sourceTree = "<group>";
		};
		C884C6312C89628200412B49 /* AddFriend */ = {
			isa = PBXGroup;
			children = (
				C81B484D2C87596400E1164B /* AddView.swift */,
			);
			path = AddFriend;
			sourceTree = "<group>";
		};
		C8B2E1362CAC2130005E53A6 /* FriendCenter */ = {
			isa = PBXGroup;
			children = (
				C8D8D0F22CAD4C640010E3B8 /* BottomSheet */,
				C8144AB82C7B48DD0011385D /* ProfileView.swift */,
				C8144AC72C7C2D9C0011385D /* AddFriendView */,
			);
			path = FriendCenter;
			sourceTree = "<group>";
		};
		C8BB1F182C8757B900F176E6 /* Onboarding */ = {
			isa = PBXGroup;
			children = (
				C81B48512C88264F00E1164B /* OnboardingFlowView.swift */,
				C884C62F2C89626800412B49 /* AddUsername */,
				C884C6302C89627900412B49 /* AddProfileImage */,
				C884C6312C89628200412B49 /* AddFriend */,
				C889DC522CA2957E00AC1932 /* NotificationPermissionView.swift */,
				C889DC562CA2959200AC1932 /* MicPermissionView.swift */,
				C889DC582CA2967100AC1932 /* StackedNotificationsView.swift */,
			);
			path = Onboarding;
			sourceTree = "<group>";
		};
		C8D8D0F22CAD4C640010E3B8 /* BottomSheet */ = {
			isa = PBXGroup;
			children = (
				C8D8D0F32CAD4C810010E3B8 /* DeleteBottomSheetViewController.swift */,
				C8D8D0F42CAD4C810010E3B8 /* DeleteBottomSheetViewControllerRepresentable.swift */,
				C8E700842CB96AEA002600D5 /* ImageBottomSheetViewController.swift */,
				C8E700822CB96AD9002600D5 /* ImageBottomSheetViewControllerRepresentable.swift */,
				C86FCBF72CBAB34D008C85F5 /* GradientButton.swift */,
			);
			path = BottomSheet;
			sourceTree = "<group>";
		};
		C8DB63ED2C6F2B2100831BA8 /* ScrollView */ = {
			isa = PBXGroup;
			children = (
				C8E9BF6F2C709580002AEDE0 /* CustomCollectionViewRepresentable.swift */,
				C8E9BF772C7099A7002AEDE0 /* CustomCollectionViewContainer.swift */,
				C8E9BF712C709594002AEDE0 /* CustomCollectionViewController.swift */,
				C8E9BF792C709CBA002AEDE0 /* CustomCollectionViewFlowLayout.swift */,
				C8E9BF7B2C709CD2002AEDE0 /* CustomCollectionViewDataSource.swift */,
				C82F66DE2C74A09D004E33FA /* BaseCell.swift */,
				C8AF47CE2C723D2700C7B6BE /* TapCell.swift */,
				C8AF47D02C723D3400C7B6BE /* LongPressCell.swift */,
				C8022C8F2C70DBA1006DE470 /* AddButtonCell.swift */,
			);
			path = ScrollView;
			sourceTree = "<group>";
		};
/* End PBXGroup section */

/* Begin PBXNativeTarget section */
		C815BC682C60849B004CB09E /* TentenV10 */ = {
			isa = PBXNativeTarget;
			buildConfigurationList = C815BC772C60849C004CB09E /* Build configuration list for PBXNativeTarget "TentenV10" */;
			buildPhases = (
				C815BC652C60849B004CB09E /* Sources */,
				C815BC662C60849B004CB09E /* Frameworks */,
				C815BC672C60849B004CB09E /* Resources */,
				C828E79C2CAA6F920084DBE4 /* Embed Foundation Extensions */,
			);
			buildRules = (
			);
			dependencies = (
				C828E79A2CAA6F920084DBE4 /* PBXTargetDependency */,
			);
			name = TentenV10;
			packageProductDependencies = (
				C815BC7B2C608519004CB09E /* FirebaseAuth */,
				C815BC7D2C608519004CB09E /* FirebaseFirestore */,
				C815BC7F2C608519004CB09E /* FirebaseFunctions */,
				C815BC812C608519004CB09E /* FirebaseStorage */,
				C815BC872C608539004CB09E /* LiveKit */,
				C815BC8A2C608543004CB09E /* WebRTC */,
				C8BB1F062C86D49C00F176E6 /* GoogleSignIn */,
				C8BB1F082C86D49C00F176E6 /* GoogleSignInSwift */,
				C8BB1F112C86F09900F176E6 /* KakaoSDKAuth */,
				C8BB1F132C86F09900F176E6 /* KakaoSDKCommon */,
				C8BB1F152C86F09900F176E6 /* KakaoSDKUser */,
				C8E49F682CA113B700E19E38 /* GRDB */,
			);
			productName = TentenV10;
			productReference = C815BC692C60849B004CB09E /* TentenV10.app */;
			productType = "com.apple.product-type.application";
		};
		C828E7932CAA6F920084DBE4 /* NotificationServiceExtension */ = {
			isa = PBXNativeTarget;
			buildConfigurationList = C828E7A02CAA6F920084DBE4 /* Build configuration list for PBXNativeTarget "NotificationServiceExtension" */;
			buildPhases = (
				C828E7902CAA6F920084DBE4 /* Sources */,
				C828E7912CAA6F920084DBE4 /* Frameworks */,
				C828E7922CAA6F920084DBE4 /* Resources */,
			);
			buildRules = (
			);
			dependencies = (
			);
			fileSystemSynchronizedGroups = (
				C828E7952CAA6F920084DBE4 /* NotificationServiceExtension */,
			);
			name = NotificationServiceExtension;
			packageProductDependencies = (
				C8050FD32CAAC72700786DF1 /* GRDB */,
			);
			productName = NotificationServiceExtension;
			productReference = C828E7942CAA6F920084DBE4 /* NotificationServiceExtension.appex */;
			productType = "com.apple.product-type.app-extension";
		};
/* End PBXNativeTarget section */

/* Begin PBXProject section */
		C815BC612C60849B004CB09E /* Project object */ = {
			isa = PBXProject;
			attributes = {
				BuildIndependentTargetsInParallel = 1;
				LastSwiftUpdateCheck = 1600;
				LastUpgradeCheck = 1540;
				TargetAttributes = {
					C815BC682C60849B004CB09E = {
						CreatedOnToolsVersion = 15.4;
					};
					C828E7932CAA6F920084DBE4 = {
						CreatedOnToolsVersion = 16.0;
					};
				};
			};
			buildConfigurationList = C815BC642C60849B004CB09E /* Build configuration list for PBXProject "TentenV10" */;
			compatibilityVersion = "Xcode 14.0";
			developmentRegion = en;
			hasScannedForEncodings = 0;
			knownRegions = (
				en,
				Base,
			);
			mainGroup = C815BC602C60849B004CB09E;
			packageReferences = (
				C815BC7A2C608518004CB09E /* XCRemoteSwiftPackageReference "firebase-ios-sdk" */,
				C815BC862C608539004CB09E /* XCRemoteSwiftPackageReference "client-sdk-swift" */,
				C815BC892C608543004CB09E /* XCRemoteSwiftPackageReference "WebRTC" */,
				C8BB1F052C86D49C00F176E6 /* XCRemoteSwiftPackageReference "GoogleSignIn-iOS" */,
				C8BB1F102C86F09900F176E6 /* XCRemoteSwiftPackageReference "kakao-ios-sdk" */,
				C8E49F672CA113B700E19E38 /* XCRemoteSwiftPackageReference "GRDB.swift" */,
			);
			productRefGroup = C815BC6A2C60849B004CB09E /* Products */;
			projectDirPath = "";
			projectRoot = "";
			targets = (
				C815BC682C60849B004CB09E /* TentenV10 */,
				C828E7932CAA6F920084DBE4 /* NotificationServiceExtension */,
			);
		};
/* End PBXProject section */

/* Begin PBXResourcesBuildPhase section */
		C815BC672C60849B004CB09E /* Resources */ = {
			isa = PBXResourcesBuildPhase;
			buildActionMask = 2147483647;
			files = (
				C812FEE62C68ECDC00BD9D9B /* test.wav in Resources */,
				C8AF0B2C2CA5493B003F3D2E /* PPPangramSansRounded-Bold.otf in Resources */,
				C815BC742C60849C004CB09E /* Preview Assets.xcassets in Resources */,
				C815BC712C60849C004CB09E /* Assets.xcassets in Resources */,
				C815BC902C6085DA004CB09E /* GoogleService-Info.plist in Resources */,
			);
			runOnlyForDeploymentPostprocessing = 0;
		};
		C828E7922CAA6F920084DBE4 /* Resources */ = {
			isa = PBXResourcesBuildPhase;
			buildActionMask = 2147483647;
			files = (
			);
			runOnlyForDeploymentPostprocessing = 0;
		};
/* End PBXResourcesBuildPhase section */

/* Begin PBXSourcesBuildPhase section */
		C815BC652C60849B004CB09E /* Sources */ = {
			isa = PBXSourcesBuildPhase;
			buildActionMask = 2147483647;
			files = (
				C81B484E2C87596400E1164B /* AddView.swift in Sources */,
				C8BB1F042C86CA7200F176E6 /* SignInButtonView.swift in Sources */,
				C8144ACB2C7C2E6D0011385D /* InviteFriendButtonPreview.swift in Sources */,
				C81B48522C88264F00E1164B /* OnboardingFlowView.swift in Sources */,
				C812FF082C69D72D00BD9D9B /* RepositoryManager.swift in Sources */,
				C812FF1A2C69F3C900BD9D9B /* AudioSessionManager.swift in Sources */,
				C8144ACD2C7C44DF0011385D /* SpeechBubbleShapeDownward.swift in Sources */,
				C8022C962C71F4C7006DE470 /* AnimatedBackgroundViewRepresentable.swift in Sources */,
				C889DC532CA2957E00AC1932 /* NotificationPermissionView.swift in Sources */,
				C8AF0B2A2CA53B82003F3D2E /* PermissionButton.swift in Sources */,
				C8B5B4272C660122002ACBAA /* FriendRecord.swift in Sources */,
				C8E9BF7C2C709CD2002AEDE0 /* CustomCollectionViewDataSource.swift in Sources */,
				C8144AC02C7B57520011385D /* PinButton.swift in Sources */,
				C8E9BF782C7099A7002AEDE0 /* CustomCollectionViewContainer.swift in Sources */,
				C8144AB92C7B48DD0011385D /* ProfileView.swift in Sources */,
				C812FF162C69F30800BD9D9B /* LiveKitManager.swift in Sources */,
				C812FF062C69D70E00BD9D9B /* AuthManager.swift in Sources */,
				C8E49F6B2CA12C7300E19E38 /* SplashView.swift in Sources */,
				C8144AD52C7C83E00011385D /* IsBusyBubble.swift in Sources */,
				C8E28C292C80449F008A5238 /* RoomDto.swift in Sources */,
				C812FF0A2C69D96200BD9D9B /* HomeView.swift in Sources */,
				C8144AC22C7B77570011385D /* AddFriendViewPreview.swift in Sources */,
				C8E9BF7A2C709CBA002AEDE0 /* CustomCollectionViewFlowLayout.swift in Sources */,
				C819BE3E2CB5506B00642D48 /* InvitationView.swift in Sources */,
				C8E700832CB96AD9002600D5 /* ImageBottomSheetViewControllerRepresentable.swift in Sources */,
				C81B484C2C87584300E1164B /* ProfileImageView.swift in Sources */,
				C8B5B41F2C65B765002ACBAA /* UserDto.swift in Sources */,
				C815BC8D2C60854C004CB09E /* AppDelegate.swift in Sources */,
				C85489802C7A05E3006878E0 /* LockViewRepresentable.swift in Sources */,
				C8E700852CB96AEA002600D5 /* ImageBottomSheetViewController.swift in Sources */,
				C8144ACF2C7C46710011385D /* HomeViewPreview.swift in Sources */,
				C819BE412CB5507D00642D48 /* InvitationCard.swift in Sources */,
				C819BE422CB5507D00642D48 /* StackedInvitationCard.swift in Sources */,
				C889DC572CA2959200AC1932 /* MicPermissionView.swift in Sources */,
				C8144AB32C7B33850011385D /* ShimmeringViewControllerRepresentable.swift in Sources */,
				C85489822C7A05EB006878E0 /* LockView.swift in Sources */,
				C84EF36D2C89ABB10092D6B5 /* SettingView.swift in Sources */,
				C86FCBF82CBAB34D008C85F5 /* GradientButton.swift in Sources */,
				C873752D2CABF58800BB322E /* NotificationManager.swift in Sources */,
				C889DC4F2CA1AF3700AC1932 /* EmailView.swift in Sources */,
				C8AF47D12C723D3400C7B6BE /* LongPressCell.swift in Sources */,
				C812FF182C69F3AF00BD9D9B /* BackgroundTaskManager.swift in Sources */,
				C8E9BF722C709594002AEDE0 /* CustomCollectionViewController.swift in Sources */,
				C8144AC62C7C22BB0011385D /* SpeechBubbleShapeUpward.swift in Sources */,
				C82CA7252C6B014B00B4BFD0 /* DummyData.swift in Sources */,
				C812FF0E2C69D99F00BD9D9B /* AddFriendView.swift in Sources */,
				C81B48582C88553600E1164B /* AddProfilePictureButton.swift in Sources */,
				C812FEE82C69A5A000BD9D9B /* ContentViewModel.swift in Sources */,
				C8E9BF702C709580002AEDE0 /* CustomCollectionViewRepresentable.swift in Sources */,
				C8022C942C71F4BD006DE470 /* AnimatedBackgroundView.swift in Sources */,
				C8FC31F22CB7DA6D009CDAE8 /* ReceivedInvitationsTaskQueue.swift in Sources */,
				C8144AD12C7C49260011385D /* HoldToTalkBubble.swift in Sources */,
				C812FF102C69DA1F00BD9D9B /* HomeViewModel.swift in Sources */,
				C8144AB72C7B339B0011385D /* ShimmeringView.swift in Sources */,
				C8144AD32C7C50C40011385D /* HoldToReplyBubble.swift in Sources */,
				C8144AC92C7C2DBE0011385D /* InviteFriendButton.swift in Sources */,
				C8BB1F0B2C86DA0300F176E6 /* GoogleSignInManager.swift in Sources */,
				C82185482CB7F29100934D42 /* FriendsUpdateQueue.swift in Sources */,
				C815BC6F2C60849B004CB09E /* ContentView.swift in Sources */,
				C81B48502C88247A00E1164B /* Utils.swift in Sources */,
				C812FF122C69DAF700BD9D9B /* AuthViewModel.swift in Sources */,
				C8B5B41D2C65B761002ACBAA /* UserRecord.swift in Sources */,
				C812FF142C69DB3500BD9D9B /* ImagePicker.swift in Sources */,
				C81B48562C883B4500E1164B /* AddUsernameButton.swift in Sources */,
				C8022C902C70DBA1006DE470 /* AddButtonCell.swift in Sources */,
				C81B48542C8839EB00E1164B /* FocusTextField.swift in Sources */,
				C812FF0C2C69D96700BD9D9B /* SocialLoginView.swift in Sources */,
				C815BC6D2C60849B004CB09E /* TentenV10App.swift in Sources */,
				C81B484A2C87583800E1164B /* UsernameView.swift in Sources */,
				C8D8550B2CBCB0D500A45249 /* MainRingView.swift in Sources */,
				C8144AB52C7B33910011385D /* ShimmeringViewController.swift in Sources */,
				C82F66DF2C74A09D004E33FA /* BaseCell.swift in Sources */,
				C889DC592CA2967100AC1932 /* StackedNotificationsView.swift in Sources */,
				C8AF47CF2C723D2700C7B6BE /* TapCell.swift in Sources */,
				C8D8D0F52CAD4C810010E3B8 /* DeleteBottomSheetViewController.swift in Sources */,
				C831526A2CB918BA009B76BA /* UpdateCurrentSpeakerQueue.swift in Sources */,
				C8D8D0F62CAD4C810010E3B8 /* DeleteBottomSheetViewControllerRepresentable.swift in Sources */,
			);
			runOnlyForDeploymentPostprocessing = 0;
		};
		C828E7902CAA6F920084DBE4 /* Sources */ = {
			isa = PBXSourcesBuildPhase;
			buildActionMask = 2147483647;
			files = (
			);
			runOnlyForDeploymentPostprocessing = 0;
		};
/* End PBXSourcesBuildPhase section */

/* Begin PBXTargetDependency section */
		C828E79A2CAA6F920084DBE4 /* PBXTargetDependency */ = {
			isa = PBXTargetDependency;
			target = C828E7932CAA6F920084DBE4 /* NotificationServiceExtension */;
			targetProxy = C828E7992CAA6F920084DBE4 /* PBXContainerItemProxy */;
		};
/* End PBXTargetDependency section */

/* Begin XCBuildConfiguration section */
		C815BC752C60849C004CB09E /* Debug */ = {
			isa = XCBuildConfiguration;
			buildSettings = {
				ALWAYS_SEARCH_USER_PATHS = NO;
				ASSETCATALOG_COMPILER_GENERATE_SWIFT_ASSET_SYMBOL_EXTENSIONS = YES;
				CLANG_ANALYZER_NONNULL = YES;
				CLANG_ANALYZER_NUMBER_OBJECT_CONVERSION = YES_AGGRESSIVE;
				CLANG_CXX_LANGUAGE_STANDARD = "gnu++20";
				CLANG_ENABLE_MODULES = YES;
				CLANG_ENABLE_OBJC_ARC = YES;
				CLANG_ENABLE_OBJC_WEAK = YES;
				CLANG_WARN_BLOCK_CAPTURE_AUTORELEASING = YES;
				CLANG_WARN_BOOL_CONVERSION = YES;
				CLANG_WARN_COMMA = YES;
				CLANG_WARN_CONSTANT_CONVERSION = YES;
				CLANG_WARN_DEPRECATED_OBJC_IMPLEMENTATIONS = YES;
				CLANG_WARN_DIRECT_OBJC_ISA_USAGE = YES_ERROR;
				CLANG_WARN_DOCUMENTATION_COMMENTS = YES;
				CLANG_WARN_EMPTY_BODY = YES;
				CLANG_WARN_ENUM_CONVERSION = YES;
				CLANG_WARN_INFINITE_RECURSION = YES;
				CLANG_WARN_INT_CONVERSION = YES;
				CLANG_WARN_NON_LITERAL_NULL_CONVERSION = YES;
				CLANG_WARN_OBJC_IMPLICIT_RETAIN_SELF = YES;
				CLANG_WARN_OBJC_LITERAL_CONVERSION = YES;
				CLANG_WARN_OBJC_ROOT_CLASS = YES_ERROR;
				CLANG_WARN_QUOTED_INCLUDE_IN_FRAMEWORK_HEADER = YES;
				CLANG_WARN_RANGE_LOOP_ANALYSIS = YES;
				CLANG_WARN_STRICT_PROTOTYPES = YES;
				CLANG_WARN_SUSPICIOUS_MOVE = YES;
				CLANG_WARN_UNGUARDED_AVAILABILITY = YES_AGGRESSIVE;
				CLANG_WARN_UNREACHABLE_CODE = YES;
				CLANG_WARN__DUPLICATE_METHOD_MATCH = YES;
				COPY_PHASE_STRIP = NO;
				DEBUG_INFORMATION_FORMAT = dwarf;
				ENABLE_STRICT_OBJC_MSGSEND = YES;
				ENABLE_TESTABILITY = YES;
				ENABLE_USER_SCRIPT_SANDBOXING = YES;
				GCC_C_LANGUAGE_STANDARD = gnu17;
				GCC_DYNAMIC_NO_PIC = NO;
				GCC_NO_COMMON_BLOCKS = YES;
				GCC_OPTIMIZATION_LEVEL = 0;
				GCC_PREPROCESSOR_DEFINITIONS = (
					"DEBUG=1",
					"$(inherited)",
				);
				GCC_WARN_64_TO_32_BIT_CONVERSION = YES;
				GCC_WARN_ABOUT_RETURN_TYPE = YES_ERROR;
				GCC_WARN_UNDECLARED_SELECTOR = YES;
				GCC_WARN_UNINITIALIZED_AUTOS = YES_AGGRESSIVE;
				GCC_WARN_UNUSED_FUNCTION = YES;
				GCC_WARN_UNUSED_VARIABLE = YES;
				IPHONEOS_DEPLOYMENT_TARGET = 17.5;
				LOCALIZATION_PREFERS_STRING_CATALOGS = YES;
				MTL_ENABLE_DEBUG_INFO = INCLUDE_SOURCE;
				MTL_FAST_MATH = YES;
				ONLY_ACTIVE_ARCH = YES;
				SDKROOT = iphoneos;
				SWIFT_ACTIVE_COMPILATION_CONDITIONS = "DEBUG $(inherited)";
				SWIFT_OPTIMIZATION_LEVEL = "-Onone";
			};
			name = Debug;
		};
		C815BC762C60849C004CB09E /* Release */ = {
			isa = XCBuildConfiguration;
			buildSettings = {
				ALWAYS_SEARCH_USER_PATHS = NO;
				ASSETCATALOG_COMPILER_GENERATE_SWIFT_ASSET_SYMBOL_EXTENSIONS = YES;
				CLANG_ANALYZER_NONNULL = YES;
				CLANG_ANALYZER_NUMBER_OBJECT_CONVERSION = YES_AGGRESSIVE;
				CLANG_CXX_LANGUAGE_STANDARD = "gnu++20";
				CLANG_ENABLE_MODULES = YES;
				CLANG_ENABLE_OBJC_ARC = YES;
				CLANG_ENABLE_OBJC_WEAK = YES;
				CLANG_WARN_BLOCK_CAPTURE_AUTORELEASING = YES;
				CLANG_WARN_BOOL_CONVERSION = YES;
				CLANG_WARN_COMMA = YES;
				CLANG_WARN_CONSTANT_CONVERSION = YES;
				CLANG_WARN_DEPRECATED_OBJC_IMPLEMENTATIONS = YES;
				CLANG_WARN_DIRECT_OBJC_ISA_USAGE = YES_ERROR;
				CLANG_WARN_DOCUMENTATION_COMMENTS = YES;
				CLANG_WARN_EMPTY_BODY = YES;
				CLANG_WARN_ENUM_CONVERSION = YES;
				CLANG_WARN_INFINITE_RECURSION = YES;
				CLANG_WARN_INT_CONVERSION = YES;
				CLANG_WARN_NON_LITERAL_NULL_CONVERSION = YES;
				CLANG_WARN_OBJC_IMPLICIT_RETAIN_SELF = YES;
				CLANG_WARN_OBJC_LITERAL_CONVERSION = YES;
				CLANG_WARN_OBJC_ROOT_CLASS = YES_ERROR;
				CLANG_WARN_QUOTED_INCLUDE_IN_FRAMEWORK_HEADER = YES;
				CLANG_WARN_RANGE_LOOP_ANALYSIS = YES;
				CLANG_WARN_STRICT_PROTOTYPES = YES;
				CLANG_WARN_SUSPICIOUS_MOVE = YES;
				CLANG_WARN_UNGUARDED_AVAILABILITY = YES_AGGRESSIVE;
				CLANG_WARN_UNREACHABLE_CODE = YES;
				CLANG_WARN__DUPLICATE_METHOD_MATCH = YES;
				COPY_PHASE_STRIP = NO;
				DEBUG_INFORMATION_FORMAT = "dwarf-with-dsym";
				ENABLE_NS_ASSERTIONS = NO;
				ENABLE_STRICT_OBJC_MSGSEND = YES;
				ENABLE_USER_SCRIPT_SANDBOXING = YES;
				GCC_C_LANGUAGE_STANDARD = gnu17;
				GCC_NO_COMMON_BLOCKS = YES;
				GCC_WARN_64_TO_32_BIT_CONVERSION = YES;
				GCC_WARN_ABOUT_RETURN_TYPE = YES_ERROR;
				GCC_WARN_UNDECLARED_SELECTOR = YES;
				GCC_WARN_UNINITIALIZED_AUTOS = YES_AGGRESSIVE;
				GCC_WARN_UNUSED_FUNCTION = YES;
				GCC_WARN_UNUSED_VARIABLE = YES;
				IPHONEOS_DEPLOYMENT_TARGET = 17.5;
				LOCALIZATION_PREFERS_STRING_CATALOGS = YES;
				MTL_ENABLE_DEBUG_INFO = NO;
				MTL_FAST_MATH = YES;
				SDKROOT = iphoneos;
				SWIFT_COMPILATION_MODE = wholemodule;
				VALIDATE_PRODUCT = YES;
			};
			name = Release;
		};
		C815BC782C60849C004CB09E /* Debug */ = {
			isa = XCBuildConfiguration;
			buildSettings = {
				ASSETCATALOG_COMPILER_APPICON_NAME = AppIcon;
				ASSETCATALOG_COMPILER_GLOBAL_ACCENT_COLOR_NAME = AccentColor;
				CLANG_ENABLE_MODULES = YES;
				CODE_SIGN_ENTITLEMENTS = TentenV10/TentenV10.entitlements;
				CODE_SIGN_STYLE = Automatic;
				CURRENT_PROJECT_VERSION = 1;
				DEVELOPMENT_ASSET_PATHS = "\"TentenV10/Preview Content\"";
				DEVELOPMENT_TEAM = GHJU9V8GHS;
				ENABLE_MODULE_VERIFIER = NO;
				ENABLE_PREVIEWS = YES;
				GENERATE_INFOPLIST_FILE = YES;
				INFOPLIST_FILE = TentenV10/Info.plist;
				INFOPLIST_KEY_CFBundleDisplayName = Wiz;
				INFOPLIST_KEY_LSApplicationCategoryType = "public.app-category.social-networking";
				INFOPLIST_KEY_NSCameraUsageDescription = "Need for Profile Picture";
				INFOPLIST_KEY_NSMicrophoneUsageDescription = "Need for Walkie Talkie";
				INFOPLIST_KEY_UIApplicationSceneManifest_Generation = YES;
				INFOPLIST_KEY_UIApplicationSupportsIndirectInputEvents = YES;
				INFOPLIST_KEY_UILaunchScreen_Generation = YES;
				INFOPLIST_KEY_UIStatusBarStyle = "";
				INFOPLIST_KEY_UISupportedInterfaceOrientations = UIInterfaceOrientationPortrait;
				INFOPLIST_KEY_UISupportedInterfaceOrientations_iPad = "UIInterfaceOrientationLandscapeLeft UIInterfaceOrientationLandscapeRight UIInterfaceOrientationPortrait UIInterfaceOrientationPortraitUpsideDown";
				LD_RUNPATH_SEARCH_PATHS = (
					"$(inherited)",
					"@executable_path/Frameworks",
				);
				MARKETING_VERSION = 1.2.5;
				PRODUCT_BUNDLE_IDENTIFIER = tech.komaki.TentenV10;
				PRODUCT_NAME = "$(TARGET_NAME)";
				SUPPORTED_PLATFORMS = "iphoneos iphonesimulator";
				SUPPORTS_MACCATALYST = NO;
				SWIFT_EMIT_LOC_STRINGS = YES;
				SWIFT_VERSION = 5.0;
				TARGETED_DEVICE_FAMILY = 1;
			};
			name = Debug;
		};
		C815BC792C60849C004CB09E /* Release */ = {
			isa = XCBuildConfiguration;
			buildSettings = {
				ASSETCATALOG_COMPILER_APPICON_NAME = AppIcon;
				ASSETCATALOG_COMPILER_GLOBAL_ACCENT_COLOR_NAME = AccentColor;
				CLANG_ENABLE_MODULES = YES;
				CODE_SIGN_ENTITLEMENTS = TentenV10/TentenV10.entitlements;
				CODE_SIGN_STYLE = Automatic;
				CURRENT_PROJECT_VERSION = 1;
				DEVELOPMENT_ASSET_PATHS = "\"TentenV10/Preview Content\"";
				DEVELOPMENT_TEAM = GHJU9V8GHS;
				ENABLE_MODULE_VERIFIER = NO;
				ENABLE_PREVIEWS = YES;
				GENERATE_INFOPLIST_FILE = YES;
				INFOPLIST_FILE = TentenV10/Info.plist;
				INFOPLIST_KEY_CFBundleDisplayName = Wiz;
				INFOPLIST_KEY_LSApplicationCategoryType = "public.app-category.social-networking";
				INFOPLIST_KEY_NSCameraUsageDescription = "Need for Profile Picture";
				INFOPLIST_KEY_NSMicrophoneUsageDescription = "Need for Walkie Talkie";
				INFOPLIST_KEY_UIApplicationSceneManifest_Generation = YES;
				INFOPLIST_KEY_UIApplicationSupportsIndirectInputEvents = YES;
				INFOPLIST_KEY_UILaunchScreen_Generation = YES;
				INFOPLIST_KEY_UIStatusBarStyle = "";
				INFOPLIST_KEY_UISupportedInterfaceOrientations = UIInterfaceOrientationPortrait;
				INFOPLIST_KEY_UISupportedInterfaceOrientations_iPad = "UIInterfaceOrientationLandscapeLeft UIInterfaceOrientationLandscapeRight UIInterfaceOrientationPortrait UIInterfaceOrientationPortraitUpsideDown";
				LD_RUNPATH_SEARCH_PATHS = (
					"$(inherited)",
					"@executable_path/Frameworks",
				);
				MARKETING_VERSION = 1.2.5;
				PRODUCT_BUNDLE_IDENTIFIER = tech.komaki.TentenV10;
				PRODUCT_NAME = "$(TARGET_NAME)";
				SUPPORTED_PLATFORMS = "iphoneos iphonesimulator";
				SUPPORTS_MACCATALYST = NO;
				SWIFT_EMIT_LOC_STRINGS = YES;
				SWIFT_VERSION = 5.0;
				TARGETED_DEVICE_FAMILY = 1;
			};
			name = Release;
		};
		C828E79D2CAA6F920084DBE4 /* Debug */ = {
			isa = XCBuildConfiguration;
			buildSettings = {
				CODE_SIGN_ENTITLEMENTS = NotificationServiceExtension/NotificationServiceExtension.entitlements;
				CODE_SIGN_STYLE = Automatic;
				CURRENT_PROJECT_VERSION = 1;
				DEVELOPMENT_TEAM = GHJU9V8GHS;
				GENERATE_INFOPLIST_FILE = YES;
				INFOPLIST_FILE = NotificationServiceExtension/Info.plist;
				INFOPLIST_KEY_CFBundleDisplayName = NotificationServiceExtension;
				INFOPLIST_KEY_NSHumanReadableCopyright = "";
				IPHONEOS_DEPLOYMENT_TARGET = 17.5;
				LD_RUNPATH_SEARCH_PATHS = (
					"$(inherited)",
					"@executable_path/Frameworks",
					"@executable_path/../../Frameworks",
				);
				MARKETING_VERSION = 1.2.5;
				PRODUCT_BUNDLE_IDENTIFIER = tech.komaki.TentenV10.NotificationServiceExtension;
				PRODUCT_NAME = "$(TARGET_NAME)";
				SKIP_INSTALL = YES;
				SUPPORTED_PLATFORMS = "iphoneos iphonesimulator";
				SUPPORTS_MACCATALYST = NO;
				SWIFT_EMIT_LOC_STRINGS = YES;
				SWIFT_VERSION = 5.0;
				TARGETED_DEVICE_FAMILY = 1;
			};
			name = Debug;
		};
		C828E79E2CAA6F920084DBE4 /* Release */ = {
			isa = XCBuildConfiguration;
			buildSettings = {
				CODE_SIGN_ENTITLEMENTS = NotificationServiceExtension/NotificationServiceExtension.entitlements;
				CODE_SIGN_STYLE = Automatic;
				CURRENT_PROJECT_VERSION = 1;
				DEVELOPMENT_TEAM = GHJU9V8GHS;
				GENERATE_INFOPLIST_FILE = YES;
				INFOPLIST_FILE = NotificationServiceExtension/Info.plist;
				INFOPLIST_KEY_CFBundleDisplayName = NotificationServiceExtension;
				INFOPLIST_KEY_NSHumanReadableCopyright = "";
				IPHONEOS_DEPLOYMENT_TARGET = 17.5;
				LD_RUNPATH_SEARCH_PATHS = (
					"$(inherited)",
					"@executable_path/Frameworks",
					"@executable_path/../../Frameworks",
				);
				MARKETING_VERSION = 1.2.5;
				PRODUCT_BUNDLE_IDENTIFIER = tech.komaki.TentenV10.NotificationServiceExtension;
				PRODUCT_NAME = "$(TARGET_NAME)";
				SKIP_INSTALL = YES;
				SUPPORTED_PLATFORMS = "iphoneos iphonesimulator";
				SUPPORTS_MACCATALYST = NO;
				SWIFT_EMIT_LOC_STRINGS = YES;
				SWIFT_VERSION = 5.0;
				TARGETED_DEVICE_FAMILY = 1;
			};
			name = Release;
		};
/* End XCBuildConfiguration section */

/* Begin XCConfigurationList section */
		C815BC642C60849B004CB09E /* Build configuration list for PBXProject "TentenV10" */ = {
			isa = XCConfigurationList;
			buildConfigurations = (
				C815BC752C60849C004CB09E /* Debug */,
				C815BC762C60849C004CB09E /* Release */,
			);
			defaultConfigurationIsVisible = 0;
			defaultConfigurationName = Release;
		};
		C815BC772C60849C004CB09E /* Build configuration list for PBXNativeTarget "TentenV10" */ = {
			isa = XCConfigurationList;
			buildConfigurations = (
				C815BC782C60849C004CB09E /* Debug */,
				C815BC792C60849C004CB09E /* Release */,
			);
			defaultConfigurationIsVisible = 0;
			defaultConfigurationName = Release;
		};
		C828E7A02CAA6F920084DBE4 /* Build configuration list for PBXNativeTarget "NotificationServiceExtension" */ = {
			isa = XCConfigurationList;
			buildConfigurations = (
				C828E79D2CAA6F920084DBE4 /* Debug */,
				C828E79E2CAA6F920084DBE4 /* Release */,
			);
			defaultConfigurationIsVisible = 0;
			defaultConfigurationName = Release;
		};
/* End XCConfigurationList section */

/* Begin XCRemoteSwiftPackageReference section */
		C815BC7A2C608518004CB09E /* XCRemoteSwiftPackageReference "firebase-ios-sdk" */ = {
			isa = XCRemoteSwiftPackageReference;
			repositoryURL = "https://github.com/firebase/firebase-ios-sdk";
			requirement = {
				kind = upToNextMajorVersion;
				minimumVersion = 11.0.0;
			};
		};
		C815BC862C608539004CB09E /* XCRemoteSwiftPackageReference "client-sdk-swift" */ = {
			isa = XCRemoteSwiftPackageReference;
			repositoryURL = "https://github.com/livekit/client-sdk-swift";
			requirement = {
				kind = upToNextMajorVersion;
				minimumVersion = 2.0.12;
			};
		};
		C815BC892C608543004CB09E /* XCRemoteSwiftPackageReference "WebRTC" */ = {
			isa = XCRemoteSwiftPackageReference;
			repositoryURL = "https://github.com/stasel/WebRTC.git";
			requirement = {
				kind = upToNextMajorVersion;
				minimumVersion = 127.0.0;
			};
		};
		C8BB1F052C86D49C00F176E6 /* XCRemoteSwiftPackageReference "GoogleSignIn-iOS" */ = {
			isa = XCRemoteSwiftPackageReference;
			repositoryURL = "https://github.com/google/GoogleSignIn-iOS";
			requirement = {
				kind = upToNextMajorVersion;
				minimumVersion = 8.0.0;
			};
		};
		C8BB1F102C86F09900F176E6 /* XCRemoteSwiftPackageReference "kakao-ios-sdk" */ = {
			isa = XCRemoteSwiftPackageReference;
			repositoryURL = "https://github.com/kakao/kakao-ios-sdk";
			requirement = {
				kind = upToNextMajorVersion;
				minimumVersion = 2.22.6;
			};
		};
		C8E49F672CA113B700E19E38 /* XCRemoteSwiftPackageReference "GRDB.swift" */ = {
			isa = XCRemoteSwiftPackageReference;
			repositoryURL = "https://github.com/groue/GRDB.swift.git";
			requirement = {
				kind = exactVersion;
				version = 6.29.3;
			};
		};
/* End XCRemoteSwiftPackageReference section */

/* Begin XCSwiftPackageProductDependency section */
		C8050FD32CAAC72700786DF1 /* GRDB */ = {
			isa = XCSwiftPackageProductDependency;
			package = C8E49F672CA113B700E19E38 /* XCRemoteSwiftPackageReference "GRDB.swift" */;
			productName = GRDB;
		};
		C815BC7B2C608519004CB09E /* FirebaseAuth */ = {
			isa = XCSwiftPackageProductDependency;
			package = C815BC7A2C608518004CB09E /* XCRemoteSwiftPackageReference "firebase-ios-sdk" */;
			productName = FirebaseAuth;
		};
		C815BC7D2C608519004CB09E /* FirebaseFirestore */ = {
			isa = XCSwiftPackageProductDependency;
			package = C815BC7A2C608518004CB09E /* XCRemoteSwiftPackageReference "firebase-ios-sdk" */;
			productName = FirebaseFirestore;
		};
		C815BC7F2C608519004CB09E /* FirebaseFunctions */ = {
			isa = XCSwiftPackageProductDependency;
			package = C815BC7A2C608518004CB09E /* XCRemoteSwiftPackageReference "firebase-ios-sdk" */;
			productName = FirebaseFunctions;
		};
		C815BC812C608519004CB09E /* FirebaseStorage */ = {
			isa = XCSwiftPackageProductDependency;
			package = C815BC7A2C608518004CB09E /* XCRemoteSwiftPackageReference "firebase-ios-sdk" */;
			productName = FirebaseStorage;
		};
		C815BC872C608539004CB09E /* LiveKit */ = {
			isa = XCSwiftPackageProductDependency;
			package = C815BC862C608539004CB09E /* XCRemoteSwiftPackageReference "client-sdk-swift" */;
			productName = LiveKit;
		};
		C815BC8A2C608543004CB09E /* WebRTC */ = {
			isa = XCSwiftPackageProductDependency;
			package = C815BC892C608543004CB09E /* XCRemoteSwiftPackageReference "WebRTC" */;
			productName = WebRTC;
		};
		C8BB1F062C86D49C00F176E6 /* GoogleSignIn */ = {
			isa = XCSwiftPackageProductDependency;
			package = C8BB1F052C86D49C00F176E6 /* XCRemoteSwiftPackageReference "GoogleSignIn-iOS" */;
			productName = GoogleSignIn;
		};
		C8BB1F082C86D49C00F176E6 /* GoogleSignInSwift */ = {
			isa = XCSwiftPackageProductDependency;
			package = C8BB1F052C86D49C00F176E6 /* XCRemoteSwiftPackageReference "GoogleSignIn-iOS" */;
			productName = GoogleSignInSwift;
		};
		C8BB1F112C86F09900F176E6 /* KakaoSDKAuth */ = {
			isa = XCSwiftPackageProductDependency;
			package = C8BB1F102C86F09900F176E6 /* XCRemoteSwiftPackageReference "kakao-ios-sdk" */;
			productName = KakaoSDKAuth;
		};
		C8BB1F132C86F09900F176E6 /* KakaoSDKCommon */ = {
			isa = XCSwiftPackageProductDependency;
			package = C8BB1F102C86F09900F176E6 /* XCRemoteSwiftPackageReference "kakao-ios-sdk" */;
			productName = KakaoSDKCommon;
		};
		C8BB1F152C86F09900F176E6 /* KakaoSDKUser */ = {
			isa = XCSwiftPackageProductDependency;
			package = C8BB1F102C86F09900F176E6 /* XCRemoteSwiftPackageReference "kakao-ios-sdk" */;
			productName = KakaoSDKUser;
		};
		C8E49F682CA113B700E19E38 /* GRDB */ = {
			isa = XCSwiftPackageProductDependency;
			package = C8E49F672CA113B700E19E38 /* XCRemoteSwiftPackageReference "GRDB.swift" */;
			productName = GRDB;
		};
/* End XCSwiftPackageProductDependency section */
	};
	rootObject = C815BC612C60849B004CB09E /* Project object */;
}
